{
  "requires": true,
  "lockfileVersion": 1,
  "dependencies": {
    "fscreen": {
      "version": "1.2.0",
      "resolved": "https://registry.npmjs.org/fscreen/-/fscreen-1.2.0.tgz",
      "integrity": "sha512-hlq4+BU0hlPmwsFjwGGzZ+OZ9N/wq9Ljg/sq3pX+2CD7hrJsX9tJgWWK/wiNTFM212CLHWhicOoqwXyZGGetJg=="
    },
    "pubsub-js": {
      "version": "1.9.4",
      "resolved": "https://registry.npmjs.org/pubsub-js/-/pubsub-js-1.9.4.tgz",
      "integrity": "sha512-hJYpaDvPH4w8ZX/0Fdf9ma1AwRgU353GfbaVfPjfJQf1KxZ2iHaHl3fAUw1qlJIR5dr4F3RzjGaWohYUEyoh7A=="
    },
    "react-full-screen": {
      "version": "1.1.1",
      "resolved": "https://registry.npmjs.org/react-full-screen/-/react-full-screen-1.1.1.tgz",
      "integrity": "sha512-xoEgkoTiN0dw9cjYYGViiMCBYbkS97BYb4bHPhQVWXj1UnOs8PZ1rPzpX+2HMhuvQV1jA5AF9GaRbO3fA5aZtg==",
      "requires": {
        "fscreen": "^1.0.2"
      }
    }
  }
}
